
Microsoft Visual Studio Solution File, Format Version 12.00
Project("{FAE04EC0-301F-11D3-BF4B-00C04F79EFBC}") = "CheeseApi", "CheeseApi\CheeseApi.csproj", "{7BC4C401-3A63-4B21-9249-5B83F6683C40}"
EndProject
Project("{FAE04EC0-301F-11D3-BF4B-00C04F79EFBC}") = "Tests", "Tests\Tests.csproj", "{F624948F-D046-4DA9-AF17-8610E8B841EB}"
EndProject
Global
	GlobalSection(SolutionConfigurationPlatforms) = preSolution
		Debug|Any CPU = Debug|Any CPU
		Release|Any CPU = Release|Any CPU
	EndGlobalSection
	GlobalSection(ProjectConfigurationPlatforms) = postSolution
		{7BC4C401-3A63-4B21-9249-5B83F6683C40}.Debug|Any CPU.ActiveCfg = Debug|Any CPU
		{7BC4C401-3A63-4B21-9249-5B83F6683C40}.Debug|Any CPU.Build.0 = Debug|Any CPU
		{7BC4C401-3A63-4B21-9249-5B83F6683C40}.Release|Any CPU.ActiveCfg = Release|Any CPU
		{7BC4C401-3A63-4B21-9249-5B83F6683C40}.Release|Any CPU.Build.0 = Release|Any CPU
		{F624948F-D046-4DA9-AF17-8610E8B841EB}.Debug|Any CPU.ActiveCfg = Debug|Any CPU
		{F624948F-D046-4DA9-AF17-8610E8B841EB}.Debug|Any CPU.Build.0 = Debug|Any CPU
		{F624948F-D046-4DA9-AF17-8610E8B841EB}.Release|Any CPU.ActiveCfg = Release|Any CPU
		{F624948F-D046-4DA9-AF17-8610E8B841EB}.Release|Any CPU.Build.0 = Release|Any CPU
	EndGlobalSection
EndGlobal
